
Microsoft Visual Studio Solution File, Format Version 12.00
# Visual Studio 15
VisualStudioVersion = 15.0.27130.2036
MinimumVisualStudioVersion = 10.0.40219.1
Project("{FAE04EC0-301F-11D3-BF4B-00C04F79EFBC}") = "Styx", "Styx\Styx.csproj", "{5476A75C-87E7-4EEA-A629-6EDCCCD3BCAD}"
EndProject
Project("{FAE04EC0-301F-11D3-BF4B-00C04F79EFBC}") = "Styx Launcher", "StyxLauncher\Styx Launcher.csproj", "{BAFEE8B0-418B-4994-9189-CD502FAF2F6B}"
	ProjectSection(ProjectDependencies) = postProject
		{5476A75C-87E7-4EEA-A629-6EDCCCD3BCAD} = {5476A75C-87E7-4EEA-A629-6EDCCCD3BCAD}
	EndProjectSection
EndProject
Project("{FAE04EC0-301F-11D3-BF4B-00C04F79EFBC}") = "Styx Updater", "Styx Updater\Styx Updater.csproj", "{2CBF6E5B-36BB-42C8-9545-FB3C934B7B2E}"
EndProject
Global
	GlobalSection(SolutionConfigurationPlatforms) = preSolution
		Debug|Any CPU = Debug|Any CPU
		Debug|x64 = Debug|x64
		Debug|x86 = Debug|x86
		Release|Any CPU = Release|Any CPU
		Release|x64 = Release|x64
		Release|x86 = Release|x86
	EndGlobalSection
	GlobalSection(ProjectConfigurationPlatforms) = postSolution
		{5476A75C-87E7-4EEA-A629-6EDCCCD3BCAD}.Debug|Any CPU.ActiveCfg = Debug|Any CPU
		{5476A75C-87E7-4EEA-A629-6EDCCCD3BCAD}.Debug|Any CPU.Build.0 = Debug|Any CPU
		{5476A75C-87E7-4EEA-A629-6EDCCCD3BCAD}.Debug|x64.ActiveCfg = Debug|Any CPU
		{5476A75C-87E7-4EEA-A629-6EDCCCD3BCAD}.Debug|x64.Build.0 = Debug|Any CPU
		{5476A75C-87E7-4EEA-A629-6EDCCCD3BCAD}.Debug|x86.ActiveCfg = Debug|x86
		{5476A75C-87E7-4EEA-A629-6EDCCCD3BCAD}.Debug|x86.Build.0 = Debug|x86
		{5476A75C-87E7-4EEA-A629-6EDCCCD3BCAD}.Release|Any CPU.ActiveCfg = Release|Any CPU
		{5476A75C-87E7-4EEA-A629-6EDCCCD3BCAD}.Release|Any CPU.Build.0 = Release|Any CPU
		{5476A75C-87E7-4EEA-A629-6EDCCCD3BCAD}.Release|x64.ActiveCfg = Release|Any CPU
		{5476A75C-87E7-4EEA-A629-6EDCCCD3BCAD}.Release|x64.Build.0 = Release|Any CPU
		{5476A75C-87E7-4EEA-A629-6EDCCCD3BCAD}.Release|x86.ActiveCfg = Release|x86
		{5476A75C-87E7-4EEA-A629-6EDCCCD3BCAD}.Release|x86.Build.0 = Release|x86
		{BAFEE8B0-418B-4994-9189-CD502FAF2F6B}.Debug|Any CPU.ActiveCfg = Debug|Any CPU
		{BAFEE8B0-418B-4994-9189-CD502FAF2F6B}.Debug|Any CPU.Build.0 = Debug|Any CPU
		{BAFEE8B0-418B-4994-9189-CD502FAF2F6B}.Debug|x64.ActiveCfg = Debug|Any CPU
		{BAFEE8B0-418B-4994-9189-CD502FAF2F6B}.Debug|x64.Build.0 = Debug|Any CPU
		{BAFEE8B0-418B-4994-9189-CD502FAF2F6B}.Debug|x86.ActiveCfg = Debug|Any CPU
		{BAFEE8B0-418B-4994-9189-CD502FAF2F6B}.Debug|x86.Build.0 = Debug|Any CPU
		{BAFEE8B0-418B-4994-9189-CD502FAF2F6B}.Release|Any CPU.ActiveCfg = Release|Any CPU
		{BAFEE8B0-418B-4994-9189-CD502FAF2F6B}.Release|Any CPU.Build.0 = Release|Any CPU
		{BAFEE8B0-418B-4994-9189-CD502FAF2F6B}.Release|x64.ActiveCfg = Release|Any CPU
		{BAFEE8B0-418B-4994-9189-CD502FAF2F6B}.Release|x64.Build.0 = Release|Any CPU
		{BAFEE8B0-418B-4994-9189-CD502FAF2F6B}.Release|x86.ActiveCfg = Release|Any CPU
		{BAFEE8B0-418B-4994-9189-CD502FAF2F6B}.Release|x86.Build.0 = Release|Any CPU
		{2CBF6E5B-36BB-42C8-9545-FB3C934B7B2E}.Debug|Any CPU.ActiveCfg = Debug|Any CPU
		{2CBF6E5B-36BB-42C8-9545-FB3C934B7B2E}.Debug|Any CPU.Build.0 = Debug|Any CPU
		{2CBF6E5B-36BB-42C8-9545-FB3C934B7B2E}.Debug|x64.ActiveCfg = Debug|Any CPU
		{2CBF6E5B-36BB-42C8-9545-FB3C934B7B2E}.Debug|x64.Build.0 = Debug|Any CPU
		{2CBF6E5B-36BB-42C8-9545-FB3C934B7B2E}.Debug|x86.ActiveCfg = Debug|Any CPU
		{2CBF6E5B-36BB-42C8-9545-FB3C934B7B2E}.Debug|x86.Build.0 = Debug|Any CPU
		{2CBF6E5B-36BB-42C8-9545-FB3C934B7B2E}.Release|Any CPU.ActiveCfg = Release|Any CPU
		{2CBF6E5B-36BB-42C8-9545-FB3C934B7B2E}.Release|Any CPU.Build.0 = Release|Any CPU
		{2CBF6E5B-36BB-42C8-9545-FB3C934B7B2E}.Release|x64.ActiveCfg = Release|Any CPU
		{2CBF6E5B-36BB-42C8-9545-FB3C934B7B2E}.Release|x64.Build.0 = Release|Any CPU
		{2CBF6E5B-36BB-42C8-9545-FB3C934B7B2E}.Release|x86.ActiveCfg = Release|Any CPU
		{2CBF6E5B-36BB-42C8-9545-FB3C934B7B2E}.Release|x86.Build.0 = Release|Any CPU
	EndGlobalSection
	GlobalSection(SolutionProperties) = preSolution
		HideSolutionNode = FALSE
	EndGlobalSection
	GlobalSection(ExtensibilityGlobals) = postSolution
		SolutionGuid = {E15334AC-27E4-4434-A13F-8D66511713A7}
	EndGlobalSection
EndGlobal
